
Microsoft Visual Studio Solution File, Format Version 12.00
# Visual Studio Version 16
VisualStudioVersion = 16.0.29020.237
MinimumVisualStudioVersion = 10.0.40219.1
Project("{FAE04EC0-301F-11D3-BF4B-00C04F79EFBC}") = "ResumeWebSite", "ResumeWebSite\ResumeWebSite.csproj", "{72582ADC-4EC3-41C4-BBD7-9ED0AAB080E8}"
EndProject
Project("{FAE04EC0-301F-11D3-BF4B-00C04F79EFBC}") = "ResumeData", "ResumeData\ResumeData.csproj", "{4CFC96A7-E2BE-452E-8B6F-3623F6E28A86}"
EndProject
Project("{FAE04EC0-301F-11D3-BF4B-00C04F79EFBC}") = "ResumeServices", "ResumeServices\ResumeServices.csproj", "{8FCEDE68-8B05-4E8C-931E-A7B8E7F76075}"
EndProject
Global
	GlobalSection(SolutionConfigurationPlatforms) = preSolution
		Debug|Any CPU = Debug|Any CPU
		Release|Any CPU = Release|Any CPU
	EndGlobalSection
	GlobalSection(ProjectConfigurationPlatforms) = postSolution
		{72582ADC-4EC3-41C4-BBD7-9ED0AAB080E8}.Debug|Any CPU.ActiveCfg = Debug|Any CPU
		{72582ADC-4EC3-41C4-BBD7-9ED0AAB080E8}.Debug|Any CPU.Build.0 = Debug|Any CPU
		{72582ADC-4EC3-41C4-BBD7-9ED0AAB080E8}.Release|Any CPU.ActiveCfg = Release|Any CPU
		{72582ADC-4EC3-41C4-BBD7-9ED0AAB080E8}.Release|Any CPU.Build.0 = Release|Any CPU
		{4CFC96A7-E2BE-452E-8B6F-3623F6E28A86}.Debug|Any CPU.ActiveCfg = Debug|Any CPU
		{4CFC96A7-E2BE-452E-8B6F-3623F6E28A86}.Debug|Any CPU.Build.0 = Debug|Any CPU
		{4CFC96A7-E2BE-452E-8B6F-3623F6E28A86}.Release|Any CPU.ActiveCfg = Release|Any CPU
		{4CFC96A7-E2BE-452E-8B6F-3623F6E28A86}.Release|Any CPU.Build.0 = Release|Any CPU
		{8FCEDE68-8B05-4E8C-931E-A7B8E7F76075}.Debug|Any CPU.ActiveCfg = Debug|Any CPU
		{8FCEDE68-8B05-4E8C-931E-A7B8E7F76075}.Debug|Any CPU.Build.0 = Debug|Any CPU
		{8FCEDE68-8B05-4E8C-931E-A7B8E7F76075}.Release|Any CPU.ActiveCfg = Release|Any CPU
		{8FCEDE68-8B05-4E8C-931E-A7B8E7F76075}.Release|Any CPU.Build.0 = Release|Any CPU
	EndGlobalSection
	GlobalSection(SolutionProperties) = preSolution
		HideSolutionNode = FALSE
	EndGlobalSection
	GlobalSection(ExtensibilityGlobals) = postSolution
		SolutionGuid = {1D3BF3E6-3B23-4F8A-B723-2F9605D6533B}
	EndGlobalSection
EndGlobal
